Microsoft Visual Studio Solution File, Format Version 12.00
# Visual Studio Version 17
VisualStudioVersion = 17.5.2.0
MinimumVisualStudioVersion = 10.0.40219.1
Project("{FAE04EC0-301F-11D3-BF4B-00C04F79EFBC}") = "FluxoDeCaixa", "FluxoDeCaixa\FluxoDeCaixa.csproj", "{D5A6E664-A871-061C-2F1B-99990F01B555}"
EndProject
Global
	GlobalSection(SolutionConfigurationPlatforms) = preSolution
		Debug|Any CPU = Debug|Any CPU
		Release|Any CPU = Release|Any CPU
	EndGlobalSection
	GlobalSection(ProjectConfigurationPlatforms) = postSolution
		{D5A6E664-A871-061C-2F1B-99990F01B555}.Debug|Any CPU.ActiveCfg = Debug|Any CPU
		{D5A6E664-A871-061C-2F1B-99990F01B555}.Debug|Any CPU.Build.0 = Debug|Any CPU
		{D5A6E664-A871-061C-2F1B-99990F01B555}.Release|Any CPU.ActiveCfg = Release|Any CPU
		{D5A6E664-A871-061C-2F1B-99990F01B555}.Release|Any CPU.Build.0 = Release|Any CPU
	EndGlobalSection
	GlobalSection(SolutionProperties) = preSolution
		HideSolutionNode = FALSE
	EndGlobalSection
	GlobalSection(ExtensibilityGlobals) = postSolution
		SolutionGuid = {1922239B-3DF6-43E3-8E88-43C46C32F6EA}
	EndGlobalSection
EndGlobal
